{
    "_readme": [
        "This file locks the dependencies of your project to a known state",
        "Read more about it at https://getcomposer.org/doc/01-basic-usage.md#composer-lock-the-lock-file",
        "This file is @generated automatically"
    ],
    "hash": "8a6df4f278104a8e35ec43d07c15be4d",
    "content-hash": "f395b339f03cb8f266c6c3fe0862879c",
    "packages": [
        {
            "name": "hamstar/wikimate",
            "version": "v0.10.0",
            "source": {
                "type": "git",
                "url": "https://github.com/hamstar/Wikimate.git",
                "reference": "3c9c998f727a463b9b7c751f490c35214af0c9d5"
            },
            "dist": {
                "type": "zip",
                "url": "https://api.github.com/repos/hamstar/Wikimate/zipball/3c9c998f727a463b9b7c751f490c35214af0c9d5",
                "reference": "3c9c998f727a463b9b7c751f490c35214af0c9d5",
                "shasum": ""
            },
            "require": {
                "rmccue/requests": "1.*"
            },
            "type": "library",
            "autoload": {
                "classmap": [
                    "Wikimate.php"
                ]
            },
            "notification-url": "https://packagist.org/downloads/",
            "license": [
                "MIT"
            ],
            "authors": [
                {
                    "name": "Robert McLeod",
                    "email": "hamstar@telescum.co.nz",
                    "homepage": "https://github.com/hamstar"
                }
            ],
            "description": "Wikimate is a wrapper for the MediaWiki API that aims to be very easy to use.",
            "homepage": "https://github.com/hamstar/Wikimate",
            "time": "2014-06-24 06:00:05"
        },
        {
            "name": "rmccue/requests",
            "version": "v1.6.1",
            "source": {
                "type": "git",
                "url": "https://github.com/rmccue/Requests.git",
                "reference": "6aac485666c2955077d77b796bbdd25f0013a4ea"
            },
            "dist": {
                "type": "zip",
                "url": "https://api.github.com/repos/rmccue/Requests/zipball/6aac485666c2955077d77b796bbdd25f0013a4ea",
                "reference": "6aac485666c2955077d77b796bbdd25f0013a4ea",
                "shasum": ""
            },
            "require": {
                "php": ">=5.2"
            },
            "require-dev": {
                "satooshi/php-coveralls": "dev-master"
            },
            "type": "library",
            "autoload": {
                "psr-0": {
                    "Requests": "library/"
                }
            },
            "notification-url": "https://packagist.org/downloads/",
            "license": [
                "ISC"
            ],
            "authors": [
                {
                    "name": "Ryan McCue",
                    "homepage": "http://ryanmccue.info"
                }
            ],
            "description": "A HTTP library written in PHP, for human beings.",
            "homepage": "http://github.com/rmccue/Requests",
            "keywords": [
                "curl",
                "fsockopen",
                "http",
                "idna",
                "ipv6",
                "iri",
                "sockets"
            ],
            "time": "2014-05-18 04:59:02"
        },
        {
            "name": "suin/php-rss-writer",
            "version": "1.4.0",
            "source": {
                "type": "git",
                "url": "https://github.com/suin/php-rss-writer.git",
                "reference": "a7dd2bbc287a05b266406d3afa298d44ebf115f3"
            },
            "dist": {
                "type": "zip",
                "url": "https://api.github.com/repos/suin/php-rss-writer/zipball/a7dd2bbc287a05b266406d3afa298d44ebf115f3",
                "reference": "a7dd2bbc287a05b266406d3afa298d44ebf115f3",
                "shasum": ""
            },
            "require": {
                "php": ">=5.4.0"
            },
            "type": "library",
            "autoload": {
                "psr-0": {
                    "Suin\\RSSWriter": "src"
                }
            },
            "notification-url": "https://packagist.org/downloads/",
            "license": [
                "MIT"
            ],
            "authors": [
                {
                    "name": "Hidehito Nozawa aka Suin",
                    "email": "suinyeze@gmail.com"
                }
            ],
            "description": "Yet another simple RSS writer library for PHP 5.4 or later.",
            "homepage": "https://github.com/suin/php-rss-writer",
            "keywords": [
                "feed",
                "generator",
                "php",
                "rss",
                "writer"
            ],
            "time": "2016-03-19 06:15:37"
        }
    ],
    "packages-dev": [],
    "aliases": [],
    "minimum-stability": "stable",
    "stability-flags": [],
    "prefer-stable": false,
    "prefer-lowest": false,
    "platform": [],
    "platform-dev": []
}
